{
    "_readme": [
        "This file locks the dependencies of your project to a known state",
        "Read more about it at https://getcomposer.org/doc/01-basic-usage.md#composer-lock-the-lock-file",
        "This file is @generated automatically"
    ],
    "content-hash": "0774d8d39900b65e58606c5228031eb9",
    "packages": [
        {
            "name": "aura/html",
            "version": "2.4.1",
            "source": {
                "type": "git",
                "url": "https://github.com/auraphp/Aura.Html.git",
                "reference": "7f575f35765af41091b85b23a92b168ae0c5765f"
            },
            "dist": {
                "type": "zip",
                "url": "https://api.github.com/repos/auraphp/Aura.Html/zipball/7f575f35765af41091b85b23a92b168ae0c5765f",
                "reference": "7f575f35765af41091b85b23a92b168ae0c5765f",
                "shasum": ""
            },
            "require": {
                "php": ">=5.3.0"
            },
            "require-dev": {
                "aura/di": "~2.0"
            },
            "type": "library",
            "extra": {
                "aura": {
                    "type": "library",
                    "config": {
                        "common": "Aura\\Html\\_Config\\Common"
                    }
                },
                "branch-alias": {
                    "dev-develop-2": "2.1.x-dev"
                }
            },
            "autoload": {
                "psr-4": {
                    "Aura\\Html\\": "src/",
                    "Aura\\Html\\_Config\\": "config/"
                }
            },
            "notification-url": "https://packagist.org/downloads/",
            "license": [
                "BSD-2-Clause"
            ],
            "authors": [
                {
                    "name": "Aura.Html Contributors",
                    "homepage": "https://github.com/auraphp/Aura.Html/contributors"
                }
            ],
            "description": "Provides HTML escapers and helpers, including form input helpers.",
            "homepage": "https://github.com/auraphp/Aura.Html",
            "keywords": [
                "Escape",
                "escaper",
                "escapers",
                "escaping",
                "form",
                "helper",
                "helpers",
                "html",
                "input"
            ],
            "time": "2015-03-27T17:31:31+00:00"
        },
        {
            "name": "cakephp/core",
            "version": "3.4.9",
            "source": {
                "type": "git",
                "url": "https://github.com/cakephp/core.git",
                "reference": "8e4fe35c9ce4b6f2095c969cde01ba527cf654bf"
            },
            "dist": {
                "type": "zip",
                "url": "https://api.github.com/repos/cakephp/core/zipball/8e4fe35c9ce4b6f2095c969cde01ba527cf654bf",
                "reference": "8e4fe35c9ce4b6f2095c969cde01ba527cf654bf",
                "shasum": ""
            },
            "require": {
                "cakephp/utility": "^3.0.0",
                "php": ">=5.6.0"
            },
            "type": "library",
            "autoload": {
                "psr-4": {
                    "Cake\\Core\\": "."
                },
                "files": [
                    "functions.php"
                ]
            },
            "notification-url": "https://packagist.org/downloads/",
            "license": [
                "MIT"
            ],
            "authors": [
                {
                    "name": "CakePHP Community",
                    "homepage": "https://github.com/cakephp/core/graphs/contributors"
                }
            ],
            "description": "CakePHP Framework Core classes",
            "homepage": "https://cakephp.org",
            "keywords": [
                "cakephp",
                "core",
                "framework"
            ],
            "time": "2017-06-20T22:05:58+00:00"
        },
        {
            "name": "cakephp/database",
            "version": "3.4.9",
            "source": {
                "type": "git",
                "url": "https://github.com/cakephp/database.git",
                "reference": "27c52fbdbb15b01aa03794068c0f7da81ceac3fa"
            },
            "dist": {
                "type": "zip",
                "url": "https://api.github.com/repos/cakephp/database/zipball/27c52fbdbb15b01aa03794068c0f7da81ceac3fa",
                "reference": "27c52fbdbb15b01aa03794068c0f7da81ceac3fa",
                "shasum": ""
            },
            "require": {
                "cakephp/core": "^3.0.0",
                "cakephp/datasource": "^3.0.0",
                "php": ">=5.6.0"
            },
            "suggest": {
                "cakephp/cache": "Require this if you decide to use the schema caching feature",
                "cakephp/log": "Require this if you want to use the built-in query logger"
            },
            "type": "library",
            "autoload": {
                "psr-4": {
                    "Cake\\Database\\": "."
                }
            },
            "notification-url": "https://packagist.org/downloads/",
            "license": [
                "MIT"
            ],
            "authors": [
                {
                    "name": "CakePHP Community",
                    "homepage": "https://github.com/cakephp/database/graphs/contributors"
                }
            ],
            "description": "Flexible and powerful Database abstraction library with a familiar PDO-like API",
            "homepage": "https://cakephp.org",
            "keywords": [
                "abstraction",
                "cakephp",
                "database",
                "database abstraction",
                "pdo"
            ],
            "time": "2017-06-20T22:33:25+00:00"
        },
        {
            "name": "cakephp/datasource",
            "version": "3.4.9",
            "source": {
                "type": "git",
                "url": "https://github.com/cakephp/datasource.git",
                "reference": "ad8ec0b42b140cba7da81a52124bd65341877104"
            },
            "dist": {
                "type": "zip",
                "url": "https://api.github.com/repos/cakephp/datasource/zipball/ad8ec0b42b140cba7da81a52124bd65341877104",
                "reference": "ad8ec0b42b140cba7da81a52124bd65341877104",
                "shasum": ""
            },
            "require": {
                "cakephp/core": "^3.0.0",
                "php": ">=5.6.0"
            },
            "suggest": {
                "cakephp/collection": "Require this if you decide to use ResultSetInterface",
                "cakephp/utility": "Require this if you decide to use EntityTrait"
            },
            "type": "library",
            "autoload": {
                "psr-4": {
                    "Cake\\Datasource\\": "."
                }
            },
            "notification-url": "https://packagist.org/downloads/",
            "license": [
                "MIT"
            ],
            "authors": [
                {
                    "name": "CakePHP Community",
                    "homepage": "https://github.com/cakephp/datasource/graphs/contributors"
                }
            ],
            "description": "Provides connection managing and traits for Entities and Queries that can be reused for different datastores",
            "homepage": "https://cakephp.org",
            "keywords": [
                "cakephp",
                "connection management",
                "datasource",
                "entity",
                "query"
            ],
            "time": "2017-06-15T01:39:34+00:00"
        },
        {
            "name": "cakephp/utility",
            "version": "3.4.9",
            "source": {
                "type": "git",
                "url": "https://github.com/cakephp/utility.git",
                "reference": "c2ad317160691acfcf801a78428abf386aef4a7e"
            },
            "dist": {
                "type": "zip",
                "url": "https://api.github.com/repos/cakephp/utility/zipball/c2ad317160691acfcf801a78428abf386aef4a7e",
                "reference": "c2ad317160691acfcf801a78428abf386aef4a7e",
                "shasum": ""
            },
            "require": {
                "php": ">=5.6.0"
            },
            "suggest": {
                "ext-intl": "To use Text::transliterate() or Text::slug()",
                "lib-ICU": "To use Text::transliterate() or Text::slug()"
            },
            "type": "library",
            "autoload": {
                "psr-4": {
                    "Cake\\Utility\\": "."
                },
                "files": [
                    "bootstrap.php"
                ]
            },
            "notification-url": "https://packagist.org/downloads/",
            "license": [
                "MIT"
            ],
            "authors": [
                {
                    "name": "CakePHP Community",
                    "homepage": "https://github.com/cakephp/utility/graphs/contributors"
                }
            ],
            "description": "CakePHP Utility classes such as Inflector, String, Hash, and Security",
            "homepage": "https://cakephp.org",
            "keywords": [
                "cakephp",
                "hash",
                "inflector",
                "security",
                "string",
                "utility"
            ],
            "time": "2017-06-25T21:50:48+00:00"
        },
        {
            "name": "container-interop/container-interop",
            "version": "1.2.0",
            "source": {
                "type": "git",
                "url": "https://github.com/container-interop/container-interop.git",
                "reference": "79cbf1341c22ec75643d841642dd5d6acd83bdb8"
            },
            "dist": {
                "type": "zip",
                "url": "https://api.github.com/repos/container-interop/container-interop/zipball/79cbf1341c22ec75643d841642dd5d6acd83bdb8",
                "reference": "79cbf1341c22ec75643d841642dd5d6acd83bdb8",
                "shasum": ""
            },
            "require": {
                "psr/container": "^1.0"
            },
            "type": "library",
            "autoload": {
                "psr-4": {
                    "Interop\\Container\\": "src/Interop/Container/"
                }
            },
            "notification-url": "https://packagist.org/downloads/",
            "license": [
                "MIT"
            ],
            "description": "Promoting the interoperability of container objects (DIC, SL, etc.)",
            "homepage": "https://github.com/container-interop/container-interop",
            "time": "2017-02-14T19:40:03+00:00"
        },
        {
            "name": "evenement/evenement",
            "version": "v2.0.0",
            "source": {
                "type": "git",
                "url": "https://github.com/igorw/evenement.git",
                "reference": "f6e843799fd4f4184d54d8fc7b5b3551c9fa803e"
            },
            "dist": {
                "type": "zip",
                "url": "https://api.github.com/repos/igorw/evenement/zipball/f6e843799fd4f4184d54d8fc7b5b3551c9fa803e",
                "reference": "f6e843799fd4f4184d54d8fc7b5b3551c9fa803e",
                "shasum": ""
            },
            "require": {
                "php": ">=5.4.0"
            },
            "type": "library",
            "extra": {
                "branch-alias": {
                    "dev-master": "2.0-dev"
                }
            },
            "autoload": {
                "psr-0": {
                    "Evenement": "src"
                }
            },
            "notification-url": "https://packagist.org/downloads/",
            "license": [
                "MIT"
            ],
            "authors": [
                {
                    "name": "Igor Wiedler",
                    "email": "igor@wiedler.ch",
                    "homepage": "http://wiedler.ch/igor/"
                }
            ],
            "description": "Événement is a very simple event dispatching library for PHP",
            "keywords": [
                "event-dispatcher",
                "event-emitter"
            ],
            "time": "2012-11-02T14:49:47+00:00"
        },
        {
            "name": "foil/foil",
            "version": "0.6.7",
            "source": {
                "type": "git",
                "url": "https://github.com/FoilPHP/Foil.git",
                "reference": "b820f5fd759b3f187439fcd0359126ea25ea199b"
            },
            "dist": {
                "type": "zip",
                "url": "https://api.github.com/repos/FoilPHP/Foil/zipball/b820f5fd759b3f187439fcd0359126ea25ea199b",
                "reference": "b820f5fd759b3f187439fcd0359126ea25ea199b",
                "shasum": ""
            },
            "require": {
                "aura/html": "~2.4",
                "evenement/evenement": "~2.0",
                "igorw/get-in": "~1.0",
                "php": ">=5.4",
                "pimple/pimple": "~3.0"
            },
            "require-dev": {
                "brain/monkey": "~1.1",
                "mockery/mockery": "0.9.3",
                "phpunit/phpunit": "~4.8"
            },
            "type": "library",
            "extra": {
                "branch-alias": {
                    "dev-master": "0.6.x-dev"
                }
            },
            "autoload": {
                "psr-4": {
                    "Foil\\": "src/"
                },
                "files": [
                    "inc/functions.php"
                ]
            },
            "notification-url": "https://packagist.org/downloads/",
            "license": [
                "MIT"
            ],
            "authors": [
                {
                    "name": "Giuseppe Mazzapica",
                    "email": "giuseppe.mazzapica@gmail.com",
                    "homepage": "http://gm.zoomlab.it",
                    "role": "Developer"
                }
            ],
            "description": "PHP template engine for native PHP templates",
            "homepage": "https://github.com/Giuseppe-Mazzapica/Foil",
            "keywords": [
                "template engine",
                "templates"
            ],
            "time": "2017-05-04T06:50:51+00:00"
        },
        {
            "name": "igorw/get-in",
            "version": "v1.0.3",
            "source": {
                "type": "git",
                "url": "https://github.com/igorw/get-in.git",
                "reference": "170ded831f49abc6a6061f655aba9bdbcf7b8111"
            },
            "dist": {
                "type": "zip",
                "url": "https://api.github.com/repos/igorw/get-in/zipball/170ded831f49abc6a6061f655aba9bdbcf7b8111",
                "reference": "170ded831f49abc6a6061f655aba9bdbcf7b8111",
                "shasum": ""
            },
            "require": {
                "php": ">=5.4"
            },
            "type": "library",
            "extra": {
                "branch-alias": {
                    "dev-master": "1.0-dev"
                }
            },
            "autoload": {
                "files": [
                    "src/get_in.php"
                ]
            },
            "notification-url": "https://packagist.org/downloads/",
            "license": [
                "MIT"
            ],
            "authors": [
                {
                    "name": "Igor Wiedler",
                    "email": "igor@wiedler.ch"
                }
            ],
            "description": "Functions for for hash map (assoc array) traversal.",
            "keywords": [
                "assoc-array",
                "hash-map"
            ],
            "time": "2014-12-15T23:03:51+00:00"
        },
        {
            "name": "league/container",
            "version": "2.4.1",
            "source": {
                "type": "git",
                "url": "https://github.com/thephpleague/container.git",
                "reference": "43f35abd03a12977a60ffd7095efd6a7808488c0"
            },
            "dist": {
                "type": "zip",
                "url": "https://api.github.com/repos/thephpleague/container/zipball/43f35abd03a12977a60ffd7095efd6a7808488c0",
                "reference": "43f35abd03a12977a60ffd7095efd6a7808488c0",
                "shasum": ""
            },
            "require": {
                "container-interop/container-interop": "^1.2",
                "php": "^5.4.0 || ^7.0"
            },
            "provide": {
                "container-interop/container-interop-implementation": "^1.2",
                "psr/container-implementation": "^1.0"
            },
            "replace": {
                "orno/di": "~2.0"
            },
            "require-dev": {
                "phpunit/phpunit": "4.*"
            },
            "type": "library",
            "extra": {
                "branch-alias": {
                    "dev-2.x": "2.x-dev",
                    "dev-1.x": "1.x-dev"
                }
            },
            "autoload": {
                "psr-4": {
                    "League\\Container\\": "src"
                }
            },
            "notification-url": "https://packagist.org/downloads/",
            "license": [
                "MIT"
            ],
            "authors": [
                {
                    "name": "Phil Bennett",
                    "email": "philipobenito@gmail.com",
                    "homepage": "http://www.philipobenito.com",
                    "role": "Developer"
                }
            ],
            "description": "A fast and intuitive dependency injection container.",
            "homepage": "https://github.com/thephpleague/container",
            "keywords": [
                "container",
                "dependency",
                "di",
                "injection",
                "league",
                "provider",
                "service"
            ],
            "time": "2017-05-10T09:20:27+00:00"
        },
        {
            "name": "league/route",
            "version": "3.0.4",
            "source": {
                "type": "git",
                "url": "https://github.com/thephpleague/route.git",
                "reference": "274e3938c06ec0f478798a92b0deece65db5b5e1"
            },
            "dist": {
                "type": "zip",
                "url": "https://api.github.com/repos/thephpleague/route/zipball/274e3938c06ec0f478798a92b0deece65db5b5e1",
                "reference": "274e3938c06ec0f478798a92b0deece65db5b5e1",
                "shasum": ""
            },
            "require": {
                "league/container": "^2.4",
                "nikic/fast-route": "^1.0|^0.8|^0.7",
                "php": ">=5.4.0",
                "psr/container": "^1.0",
                "psr/http-message": "^1.0"
            },
            "replace": {
                "orno/http": "~1.0",
                "orno/route": "~1.0"
            },
            "require-dev": {
                "phpunit/phpunit": "^4.8"
            },
            "type": "library",
            "extra": {
                "branch-alias": {
                    "dev-master": "3.x-dev",
                    "dev-2.x": "2.x-dev",
                    "dev-1.x": "1.x-dev"
                }
            },
            "autoload": {
                "psr-4": {
                    "League\\Route\\": "src"
                }
            },
            "notification-url": "https://packagist.org/downloads/",
            "license": [
                "MIT"
            ],
            "authors": [
                {
                    "name": "Phil Bennett",
                    "email": "philipobenito@gmail.com",
                    "homepage": "http://www.philipobenito.com",
                    "role": "Developer"
                }
            ],
            "description": "A fast routing and dispatch package built on top of FastRoute.",
            "homepage": "https://github.com/thephpleague/route",
            "keywords": [
                "dispatcher",
                "league",
                "psr-7",
                "psr7",
                "route"
            ],
            "time": "2017-03-22T09:09:41+00:00"
        },
        {
            "name": "nikic/fast-route",
            "version": "v1.2.0",
            "source": {
                "type": "git",
                "url": "https://github.com/nikic/FastRoute.git",
                "reference": "b5f95749071c82a8e0f58586987627054400cdf6"
            },
            "dist": {
                "type": "zip",
                "url": "https://api.github.com/repos/nikic/FastRoute/zipball/b5f95749071c82a8e0f58586987627054400cdf6",
                "reference": "b5f95749071c82a8e0f58586987627054400cdf6",
                "shasum": ""
            },
            "require": {
                "php": ">=5.4.0"
            },
            "type": "library",
            "autoload": {
                "psr-4": {
                    "FastRoute\\": "src/"
                },
                "files": [
                    "src/functions.php"
                ]
            },
            "notification-url": "https://packagist.org/downloads/",
            "license": [
                "BSD-3-Clause"
            ],
            "authors": [
                {
                    "name": "Nikita Popov",
                    "email": "nikic@php.net"
                }
            ],
            "description": "Fast request router for PHP",
            "keywords": [
                "router",
                "routing"
            ],
            "time": "2017-01-19T11:35:12+00:00"
        },
        {
            "name": "pimple/pimple",
            "version": "v3.1.0",
            "source": {
                "type": "git",
                "url": "https://github.com/silexphp/Pimple.git",
                "reference": "279b56046fb368deacf77e2f8f3bdcea45cc367a"
            },
            "dist": {
                "type": "zip",
                "url": "https://api.github.com/repos/silexphp/Pimple/zipball/279b56046fb368deacf77e2f8f3bdcea45cc367a",
                "reference": "279b56046fb368deacf77e2f8f3bdcea45cc367a",
                "shasum": ""
            },
            "require": {
                "php": ">=5.3.0",
                "psr/container": "^1.0"
            },
            "require-dev": {
                "symfony/phpunit-bridge": "^3.2"
            },
            "type": "library",
            "extra": {
                "branch-alias": {
                    "dev-master": "3.1.x-dev"
                }
            },
            "autoload": {
                "psr-0": {
                    "Pimple": "src/"
                }
            },
            "notification-url": "https://packagist.org/downloads/",
            "license": [
                "MIT"
            ],
            "authors": [
                {
                    "name": "Fabien Potencier",
                    "email": "fabien@symfony.com"
                }
            ],
            "description": "Pimple, a simple Dependency Injection Container",
            "homepage": "http://pimple.sensiolabs.org",
            "keywords": [
                "container",
                "dependency injection"
            ],
            "time": "2017-07-03T14:06:46+00:00"
        },
        {
            "name": "psr/container",
            "version": "1.0.0",
            "source": {
                "type": "git",
                "url": "https://github.com/php-fig/container.git",
                "reference": "b7ce3b176482dbbc1245ebf52b181af44c2cf55f"
            },
            "dist": {
                "type": "zip",
                "url": "https://api.github.com/repos/php-fig/container/zipball/b7ce3b176482dbbc1245ebf52b181af44c2cf55f",
                "reference": "b7ce3b176482dbbc1245ebf52b181af44c2cf55f",
                "shasum": ""
            },
            "require": {
                "php": ">=5.3.0"
            },
            "type": "library",
            "extra": {
                "branch-alias": {
                    "dev-master": "1.0.x-dev"
                }
            },
            "autoload": {
                "psr-4": {
                    "Psr\\Container\\": "src/"
                }
            },
            "notification-url": "https://packagist.org/downloads/",
            "license": [
                "MIT"
            ],
            "authors": [
                {
                    "name": "PHP-FIG",
                    "homepage": "http://www.php-fig.org/"
                }
            ],
            "description": "Common Container Interface (PHP FIG PSR-11)",
            "homepage": "https://github.com/php-fig/container",
            "keywords": [
                "PSR-11",
                "container",
                "container-interface",
                "container-interop",
                "psr"
            ],
            "time": "2017-02-14T16:28:37+00:00"
        },
        {
            "name": "psr/http-message",
            "version": "1.0.1",
            "source": {
                "type": "git",
                "url": "https://github.com/php-fig/http-message.git",
                "reference": "f6561bf28d520154e4b0ec72be95418abe6d9363"
            },
            "dist": {
                "type": "zip",
                "url": "https://api.github.com/repos/php-fig/http-message/zipball/f6561bf28d520154e4b0ec72be95418abe6d9363",
                "reference": "f6561bf28d520154e4b0ec72be95418abe6d9363",
                "shasum": ""
            },
            "require": {
                "php": ">=5.3.0"
            },
            "type": "library",
            "extra": {
                "branch-alias": {
                    "dev-master": "1.0.x-dev"
                }
            },
            "autoload": {
                "psr-4": {
                    "Psr\\Http\\Message\\": "src/"
                }
            },
            "notification-url": "https://packagist.org/downloads/",
            "license": [
                "MIT"
            ],
            "authors": [
                {
                    "name": "PHP-FIG",
                    "homepage": "http://www.php-fig.org/"
                }
            ],
            "description": "Common interface for HTTP messages",
            "homepage": "https://github.com/php-fig/http-message",
            "keywords": [
                "http",
                "http-message",
                "psr",
                "psr-7",
                "request",
                "response"
            ],
            "time": "2016-08-06T14:39:51+00:00"
        },
        {
            "name": "zendframework/zend-diactoros",
            "version": "1.4.0",
            "source": {
                "type": "git",
                "url": "https://github.com/zendframework/zend-diactoros.git",
                "reference": "b03f285a333f51e58c95cce54109a4a9ed691436"
            },
            "dist": {
                "type": "zip",
                "url": "https://api.github.com/repos/zendframework/zend-diactoros/zipball/b03f285a333f51e58c95cce54109a4a9ed691436",
                "reference": "b03f285a333f51e58c95cce54109a4a9ed691436",
                "shasum": ""
            },
            "require": {
                "php": "^5.4 || ^7.0",
                "psr/http-message": "~1.0"
            },
            "provide": {
                "psr/http-message-implementation": "1.0"
            },
            "require-dev": {
                "ext-dom": "*",
                "ext-libxml": "*",
                "phpunit/phpunit": "^4.6 || ^5.5",
                "zendframework/zend-coding-standard": "~1.0.0"
            },
            "type": "library",
            "extra": {
                "branch-alias": {
                    "dev-master": "1.4-dev",
                    "dev-develop": "1.5-dev"
                }
            },
            "autoload": {
                "psr-4": {
                    "Zend\\Diactoros\\": "src/"
                }
            },
            "notification-url": "https://packagist.org/downloads/",
            "license": [
                "BSD-2-Clause"
            ],
            "description": "PSR HTTP Message implementations",
            "homepage": "https://github.com/zendframework/zend-diactoros",
            "keywords": [
                "http",
                "psr",
                "psr-7"
            ],
            "time": "2017-04-06T16:18:34+00:00"
        }
    ],
    "packages-dev": [
        {
            "name": "psr/log",
            "version": "1.0.2",
            "source": {
                "type": "git",
                "url": "https://github.com/php-fig/log.git",
                "reference": "4ebe3a8bf773a19edfe0a84b6585ba3d401b724d"
            },
            "dist": {
                "type": "zip",
                "url": "https://api.github.com/repos/php-fig/log/zipball/4ebe3a8bf773a19edfe0a84b6585ba3d401b724d",
                "reference": "4ebe3a8bf773a19edfe0a84b6585ba3d401b724d",
                "shasum": ""
            },
            "require": {
                "php": ">=5.3.0"
            },
            "type": "library",
            "extra": {
                "branch-alias": {
                    "dev-master": "1.0.x-dev"
                }
            },
            "autoload": {
                "psr-4": {
                    "Psr\\Log\\": "Psr/Log/"
                }
            },
            "notification-url": "https://packagist.org/downloads/",
            "license": [
                "MIT"
            ],
            "authors": [
                {
                    "name": "PHP-FIG",
                    "homepage": "http://www.php-fig.org/"
                }
            ],
            "description": "Common interface for logging libraries",
            "homepage": "https://github.com/php-fig/log",
            "keywords": [
                "log",
                "psr",
                "psr-3"
            ],
            "time": "2016-10-10T12:19:37+00:00"
        },
        {
            "name": "robmorgan/phinx",
            "version": "v0.8.1",
            "source": {
                "type": "git",
                "url": "https://github.com/cakephp/phinx.git",
                "reference": "7a19de5bebc59321edd9613bc2a667e7f96224ec"
            },
            "dist": {
                "type": "zip",
                "url": "https://api.github.com/repos/cakephp/phinx/zipball/7a19de5bebc59321edd9613bc2a667e7f96224ec",
                "reference": "7a19de5bebc59321edd9613bc2a667e7f96224ec",
                "shasum": ""
            },
            "require": {
                "php": ">=5.4",
                "symfony/config": "~2.8|~3.0",
                "symfony/console": "~2.8|~3.0",
                "symfony/yaml": "~2.8|~3.0"
            },
            "require-dev": {
                "phpunit/phpunit": "^4.8.26|^5.0"
            },
            "bin": [
                "bin/phinx"
            ],
            "type": "library",
            "autoload": {
                "psr-4": {
                    "Phinx\\": "src/Phinx"
                }
            },
            "notification-url": "https://packagist.org/downloads/",
            "license": [
                "MIT"
            ],
            "authors": [
                {
                    "name": "Woody Gilk",
                    "email": "woody.gilk@gmail.com",
                    "homepage": "http://shadowhand.me",
                    "role": "Developer"
                },
                {
                    "name": "Rob Morgan",
                    "email": "robbym@gmail.com",
                    "homepage": "https://robmorgan.id.au",
                    "role": "Lead Developer"
                },
                {
                    "name": "Richard Quadling",
                    "email": "rquadling@gmail.com",
                    "role": "Developer"
                }
            ],
            "description": "Phinx makes it ridiculously easy to manage the database migrations for your PHP app.",
            "homepage": "https://phinx.org",
            "keywords": [
                "database",
                "database migrations",
                "db",
                "migrations",
                "phinx"
            ],
            "time": "2017-06-05T13:30:19+00:00"
        },
        {
            "name": "symfony/config",
            "version": "v3.3.4",
            "source": {
                "type": "git",
                "url": "https://github.com/symfony/config.git",
                "reference": "a094618deb9a3fe1c3cf500a796e167d0495a274"
            },
            "dist": {
                "type": "zip",
                "url": "https://api.github.com/repos/symfony/config/zipball/a094618deb9a3fe1c3cf500a796e167d0495a274",
                "reference": "a094618deb9a3fe1c3cf500a796e167d0495a274",
                "shasum": ""
            },
            "require": {
                "php": ">=5.5.9",
                "symfony/filesystem": "~2.8|~3.0"
            },
            "conflict": {
                "symfony/dependency-injection": "<3.3",
                "symfony/finder": "<3.3"
            },
            "require-dev": {
                "symfony/dependency-injection": "~3.3",
                "symfony/finder": "~3.3",
                "symfony/yaml": "~3.0"
            },
            "suggest": {
                "symfony/yaml": "To use the yaml reference dumper"
            },
            "type": "library",
            "extra": {
                "branch-alias": {
                    "dev-master": "3.3-dev"
                }
            },
            "autoload": {
                "psr-4": {
                    "Symfony\\Component\\Config\\": ""
                },
                "exclude-from-classmap": [
                    "/Tests/"
                ]
            },
            "notification-url": "https://packagist.org/downloads/",
            "license": [
                "MIT"
            ],
            "authors": [
                {
                    "name": "Fabien Potencier",
                    "email": "fabien@symfony.com"
                },
                {
                    "name": "Symfony Community",
                    "homepage": "https://symfony.com/contributors"
                }
            ],
            "description": "Symfony Config Component",
            "homepage": "https://symfony.com",
            "time": "2017-06-16T12:40:34+00:00"
        },
        {
            "name": "symfony/console",
            "version": "v3.3.4",
            "source": {
                "type": "git",
                "url": "https://github.com/symfony/console.git",
                "reference": "a97e45d98c59510f085fa05225a1acb74dfe0546"
            },
            "dist": {
                "type": "zip",
                "url": "https://api.github.com/repos/symfony/console/zipball/a97e45d98c59510f085fa05225a1acb74dfe0546",
                "reference": "a97e45d98c59510f085fa05225a1acb74dfe0546",
                "shasum": ""
            },
            "require": {
                "php": ">=5.5.9",
                "symfony/debug": "~2.8|~3.0",
                "symfony/polyfill-mbstring": "~1.0"
            },
            "conflict": {
                "symfony/dependency-injection": "<3.3"
            },
            "require-dev": {
                "psr/log": "~1.0",
                "symfony/config": "~3.3",
                "symfony/dependency-injection": "~3.3",
                "symfony/event-dispatcher": "~2.8|~3.0",
                "symfony/filesystem": "~2.8|~3.0",
                "symfony/http-kernel": "~2.8|~3.0",
                "symfony/process": "~2.8|~3.0"
            },
            "suggest": {
                "psr/log": "For using the console logger",
                "symfony/event-dispatcher": "",
                "symfony/filesystem": "",
                "symfony/process": ""
            },
            "type": "library",
            "extra": {
                "branch-alias": {
                    "dev-master": "3.3-dev"
                }
            },
            "autoload": {
                "psr-4": {
                    "Symfony\\Component\\Console\\": ""
                },
                "exclude-from-classmap": [
                    "/Tests/"
                ]
            },
            "notification-url": "https://packagist.org/downloads/",
            "license": [
                "MIT"
            ],
            "authors": [
                {
                    "name": "Fabien Potencier",
                    "email": "fabien@symfony.com"
                },
                {
                    "name": "Symfony Community",
                    "homepage": "https://symfony.com/contributors"
                }
            ],
            "description": "Symfony Console Component",
            "homepage": "https://symfony.com",
            "time": "2017-07-03T13:19:36+00:00"
        },
        {
            "name": "symfony/debug",
            "version": "v3.3.4",
            "source": {
                "type": "git",
                "url": "https://github.com/symfony/debug.git",
                "reference": "63b85a968486d95ff9542228dc2e4247f16f9743"
            },
            "dist": {
                "type": "zip",
                "url": "https://api.github.com/repos/symfony/debug/zipball/63b85a968486d95ff9542228dc2e4247f16f9743",
                "reference": "63b85a968486d95ff9542228dc2e4247f16f9743",
                "shasum": ""
            },
            "require": {
                "php": ">=5.5.9",
                "psr/log": "~1.0"
            },
            "conflict": {
                "symfony/http-kernel": ">=2.3,<2.3.24|~2.4.0|>=2.5,<2.5.9|>=2.6,<2.6.2"
            },
            "require-dev": {
                "symfony/http-kernel": "~2.8|~3.0"
            },
            "type": "library",
            "extra": {
                "branch-alias": {
                    "dev-master": "3.3-dev"
                }
            },
            "autoload": {
                "psr-4": {
                    "Symfony\\Component\\Debug\\": ""
                },
                "exclude-from-classmap": [
                    "/Tests/"
                ]
            },
            "notification-url": "https://packagist.org/downloads/",
            "license": [
                "MIT"
            ],
            "authors": [
                {
                    "name": "Fabien Potencier",
                    "email": "fabien@symfony.com"
                },
                {
                    "name": "Symfony Community",
                    "homepage": "https://symfony.com/contributors"
                }
            ],
            "description": "Symfony Debug Component",
            "homepage": "https://symfony.com",
            "time": "2017-07-05T13:02:37+00:00"
        },
        {
            "name": "symfony/filesystem",
            "version": "v3.3.4",
            "source": {
                "type": "git",
                "url": "https://github.com/symfony/filesystem.git",
                "reference": "311fa718389efbd8b627c272b9324a62437018cc"
            },
            "dist": {
                "type": "zip",
                "url": "https://api.github.com/repos/symfony/filesystem/zipball/311fa718389efbd8b627c272b9324a62437018cc",
                "reference": "311fa718389efbd8b627c272b9324a62437018cc",
                "shasum": ""
            },
            "require": {
                "php": ">=5.5.9"
            },
            "type": "library",
            "extra": {
                "branch-alias": {
                    "dev-master": "3.3-dev"
                }
            },
            "autoload": {
                "psr-4": {
                    "Symfony\\Component\\Filesystem\\": ""
                },
                "exclude-from-classmap": [
                    "/Tests/"
                ]
            },
            "notification-url": "https://packagist.org/downloads/",
            "license": [
                "MIT"
            ],
            "authors": [
                {
                    "name": "Fabien Potencier",
                    "email": "fabien@symfony.com"
                },
                {
                    "name": "Symfony Community",
                    "homepage": "https://symfony.com/contributors"
                }
            ],
            "description": "Symfony Filesystem Component",
            "homepage": "https://symfony.com",
            "time": "2017-06-24T09:29:48+00:00"
        },
        {
            "name": "symfony/polyfill-mbstring",
            "version": "v1.4.0",
            "source": {
                "type": "git",
                "url": "https://github.com/symfony/polyfill-mbstring.git",
                "reference": "f29dca382a6485c3cbe6379f0c61230167681937"
            },
            "dist": {
                "type": "zip",
                "url": "https://api.github.com/repos/symfony/polyfill-mbstring/zipball/f29dca382a6485c3cbe6379f0c61230167681937",
                "reference": "f29dca382a6485c3cbe6379f0c61230167681937",
                "shasum": ""
            },
            "require": {
                "php": ">=5.3.3"
            },
            "suggest": {
                "ext-mbstring": "For best performance"
            },
            "type": "library",
            "extra": {
                "branch-alias": {
                    "dev-master": "1.4-dev"
                }
            },
            "autoload": {
                "psr-4": {
                    "Symfony\\Polyfill\\Mbstring\\": ""
                },
                "files": [
                    "bootstrap.php"
                ]
            },
            "notification-url": "https://packagist.org/downloads/",
            "license": [
                "MIT"
            ],
            "authors": [
                {
                    "name": "Nicolas Grekas",
                    "email": "p@tchwork.com"
                },
                {
                    "name": "Symfony Community",
                    "homepage": "https://symfony.com/contributors"
                }
            ],
            "description": "Symfony polyfill for the Mbstring extension",
            "homepage": "https://symfony.com",
            "keywords": [
                "compatibility",
                "mbstring",
                "polyfill",
                "portable",
                "shim"
            ],
            "time": "2017-06-09T14:24:12+00:00"
        },
        {
            "name": "symfony/yaml",
            "version": "v3.3.4",
            "source": {
                "type": "git",
                "url": "https://github.com/symfony/yaml.git",
                "reference": "1f93a8d19b8241617f5074a123e282575b821df8"
            },
            "dist": {
                "type": "zip",
                "url": "https://api.github.com/repos/symfony/yaml/zipball/1f93a8d19b8241617f5074a123e282575b821df8",
                "reference": "1f93a8d19b8241617f5074a123e282575b821df8",
                "shasum": ""
            },
            "require": {
                "php": ">=5.5.9"
            },
            "require-dev": {
                "symfony/console": "~2.8|~3.0"
            },
            "suggest": {
                "symfony/console": "For validating YAML files using the lint command"
            },
            "type": "library",
            "extra": {
                "branch-alias": {
                    "dev-master": "3.3-dev"
                }
            },
            "autoload": {
                "psr-4": {
                    "Symfony\\Component\\Yaml\\": ""
                },
                "exclude-from-classmap": [
                    "/Tests/"
                ]
            },
            "notification-url": "https://packagist.org/downloads/",
            "license": [
                "MIT"
            ],
            "authors": [
                {
                    "name": "Fabien Potencier",
                    "email": "fabien@symfony.com"
                },
                {
                    "name": "Symfony Community",
                    "homepage": "https://symfony.com/contributors"
                }
            ],
            "description": "Symfony Yaml Component",
            "homepage": "https://symfony.com",
            "time": "2017-06-15T12:58:50+00:00"
        }
    ],
    "aliases": [],
    "minimum-stability": "stable",
    "stability-flags": [],
    "prefer-stable": false,
    "prefer-lowest": false,
    "platform": [],
    "platform-dev": []
}
